
Microsoft Visual Studio Solution File, Format Version 12.00
# Visual Studio 15
VisualStudioVersion = 15.0.28307.106
MinimumVisualStudioVersion = 10.0.40219.1
Project("{FAE04EC0-301F-11D3-BF4B-00C04F79EFBC}") = "LINQShowcase.UI", "LINQShowcase.UI\LINQShowcase.UI.csproj", "{1BC86D70-B822-4070-8C87-A8E15A647B1A}"
EndProject
Global
	GlobalSection(SolutionConfigurationPlatforms) = preSolution
		Debug|Any CPU = Debug|Any CPU
		Release|Any CPU = Release|Any CPU
	EndGlobalSection
	GlobalSection(ProjectConfigurationPlatforms) = postSolution
		{1BC86D70-B822-4070-8C87-A8E15A647B1A}.Debug|Any CPU.ActiveCfg = Debug|Any CPU
		{1BC86D70-B822-4070-8C87-A8E15A647B1A}.Debug|Any CPU.Build.0 = Debug|Any CPU
		{1BC86D70-B822-4070-8C87-A8E15A647B1A}.Release|Any CPU.ActiveCfg = Release|Any CPU
		{1BC86D70-B822-4070-8C87-A8E15A647B1A}.Release|Any CPU.Build.0 = Release|Any CPU
	EndGlobalSection
	GlobalSection(SolutionProperties) = preSolution
		HideSolutionNode = FALSE
	EndGlobalSection
	GlobalSection(ExtensibilityGlobals) = postSolution
		SolutionGuid = {737251CC-568A-459D-8411-B179AD0A2337}
	EndGlobalSection
EndGlobal
